
Microsoft Visual Studio Solution File, Format Version 12.00
# Visual Studio Version 16
VisualStudioVersion = 16.0.30330.147
MinimumVisualStudioVersion = 10.0.40219.1
Project("{FAE04EC0-301F-11D3-BF4B-00C04F79EFBC}") = "ProcessKillerMonitor", "ProcessKillerMonitor\ProcessKillerMonitor.csproj", "{B80E92C3-3A35-4311-95EC-1C6B3A944108}"
EndProject
Global
	GlobalSection(SolutionConfigurationPlatforms) = preSolution
		Debug|Any CPU = Debug|Any CPU
		Release|Any CPU = Release|Any CPU
	EndGlobalSection
	GlobalSection(ProjectConfigurationPlatforms) = postSolution
		{B80E92C3-3A35-4311-95EC-1C6B3A944108}.Debug|Any CPU.ActiveCfg = Debug|Any CPU
		{B80E92C3-3A35-4311-95EC-1C6B3A944108}.Debug|Any CPU.Build.0 = Debug|Any CPU
		{B80E92C3-3A35-4311-95EC-1C6B3A944108}.Release|Any CPU.ActiveCfg = Release|Any CPU
		{B80E92C3-3A35-4311-95EC-1C6B3A944108}.Release|Any CPU.Build.0 = Release|Any CPU
	EndGlobalSection
	GlobalSection(SolutionProperties) = preSolution
		HideSolutionNode = FALSE
	EndGlobalSection
	GlobalSection(ExtensibilityGlobals) = postSolution
		SolutionGuid = {FCE4C74F-7D3F-41C0-B767-71AFCE7338DA}
	EndGlobalSection
EndGlobal
